
Microsoft Visual Studio Solution File, Format Version 12.00
# Visual Studio Version 16
VisualStudioVersion = 16.0.29418.71
MinimumVisualStudioVersion = 10.0.40219.1
Project("{9A19103F-16F7-4668-BE54-9A1E7A4F7556}") = "NullableReferences", "NullableReferences.csproj", "{98F8DF75-1B6F-43FD-9E87-C3B3326049CC}"
EndProject
Global
	GlobalSection(SolutionConfigurationPlatforms) = preSolution
		Debug|Any CPU = Debug|Any CPU
		Release|Any CPU = Release|Any CPU
	EndGlobalSection
	GlobalSection(ProjectConfigurationPlatforms) = postSolution
		{98F8DF75-1B6F-43FD-9E87-C3B3326049CC}.Debug|Any CPU.ActiveCfg = Debug|Any CPU
		{98F8DF75-1B6F-43FD-9E87-C3B3326049CC}.Debug|Any CPU.Build.0 = Debug|Any CPU
		{98F8DF75-1B6F-43FD-9E87-C3B3326049CC}.Release|Any CPU.ActiveCfg = Release|Any CPU
		{98F8DF75-1B6F-43FD-9E87-C3B3326049CC}.Release|Any CPU.Build.0 = Release|Any CPU
	EndGlobalSection
	GlobalSection(SolutionProperties) = preSolution
		HideSolutionNode = FALSE
	EndGlobalSection
	GlobalSection(ExtensibilityGlobals) = postSolution
		SolutionGuid = {B32AB995-B9FA-42C6-A6A9-B5C63A6C5A65}
	EndGlobalSection
EndGlobal
